// !$*UTF8*$!
{
	archiveVersion = 1;
	classes = {
	};
	objectVersion = 46;
	objects = {

/* Begin PBXBuildFile section */
		196294F119C956F200220213 /* Cocoa.framework in Frameworks */ = {isa = PBXBuildFile; fileRef = 196294F019C956F200220213 /* Cocoa.framework */; };
		196294FB19C956F200220213 /* InfoPlist.strings in Resources */ = {isa = PBXBuildFile; fileRef = 196294F919C956F200220213 /* InfoPlist.strings */; };
		196294FD19C956F200220213 /* main.m in Sources */ = {isa = PBXBuildFile; fileRef = 196294FC19C956F200220213 /* main.m */; };
		1962950119C956F200220213 /* Credits.rtf in Resources */ = {isa = PBXBuildFile; fileRef = 196294FF19C956F200220213 /* Credits.rtf */; };
		1962950419C956F200220213 /* AppDelegate.m in Sources */ = {isa = PBXBuildFile; fileRef = 1962950319C956F200220213 /* AppDelegate.m */; };
		1962950719C956F200220213 /* MainMenu.xib in Resources */ = {isa = PBXBuildFile; fileRef = 1962950519C956F200220213 /* MainMenu.xib */; };
		1962950919C956F200220213 /* Images.xcassets in Resources */ = {isa = PBXBuildFile; fileRef = 1962950819C956F200220213 /* Images.xcassets */; };
		1962951019C956F200220213 /* XCTest.framework in Frameworks */ = {isa = PBXBuildFile; fileRef = 1962950F19C956F200220213 /* XCTest.framework */; };
		1962951119C956F200220213 /* Cocoa.framework in Frameworks */ = {isa = PBXBuildFile; fileRef = 196294F019C956F200220213 /* Cocoa.framework */; };
		1962951919C956F200220213 /* InfoPlist.strings in Resources */ = {isa = PBXBuildFile; fileRef = 1962951719C956F200220213 /* InfoPlist.strings */; };
		1962951B19C956F200220213 /* SampleProgramTests.m in Sources */ = {isa = PBXBuildFile; fileRef = 1962951A19C956F200220213 /* SampleProgramTests.m */; };
/* End PBXBuildFile section */

/* Begin PBXContainerItemProxy section */
		1962951219C956F200220213 /* PBXContainerItemProxy */ = {
			isa = PBXContainerItemProxy;
			containerPortal = 196294E519C956F200220213 /* Project object */;
			proxyType = 1;
			remoteGlobalIDString = 196294EC19C956F200220213;
			remoteInfo = SampleProgram;
		};
/* End PBXContainerItemProxy section */

/* Begin PBXFileReference section */
		196294ED19C956F200220213 /* SampleProgram.app */ = {isa = PBXFileReference; explicitFileType = wrapper.application; includeInIndex = 0; path = SampleProgram.app; sourceTree = BUILT_PRODUCTS_DIR; };
		196294F019C956F200220213 /* Cocoa.framework */ = {isa = PBXFileReference; lastKnownFileType = wrapper.framework; name = Cocoa.framework; path = System/Library/Frameworks/Cocoa.framework; sourceTree = SDKROOT; };
		196294F319C956F200220213 /* AppKit.framework */ = {isa = PBXFileReference; lastKnownFileType = wrapper.framework; name = AppKit.framework; path = System/Library/Frameworks/AppKit.framework; sourceTree = SDKROOT; };
		196294F419C956F200220213 /* CoreData.framework */ = {isa = PBXFileReference; lastKnownFileType = wrapper.framework; name = CoreData.framework; path = System/Library/Frameworks/CoreData.framework; sourceTree = SDKROOT; };
		196294F519C956F200220213 /* Foundation.framework */ = {isa = PBXFileReference; lastKnownFileType = wrapper.framework; name = Foundation.framework; path = System/Library/Frameworks/Foundation.framework; sourceTree = SDKROOT; };
		196294F819C956F200220213 /* SampleProgram-Info.plist */ = {isa = PBXFileReference; lastKnownFileType = text.plist.xml; path = "SampleProgram-Info.plist"; sourceTree = "<group>"; };
		196294FA19C956F200220213 /* en */ = {isa = PBXFileReference; lastKnownFileType = text.plist.strings; name = en; path = en.lproj/InfoPlist.strings; sourceTree = "<group>"; };
		196294FC19C956F200220213 /* main.m */ = {isa = PBXFileReference; lastKnownFileType = sourcecode.c.objc; path = main.m; sourceTree = "<group>"; };
		196294FE19C956F200220213 /* SampleProgram-Prefix.pch */ = {isa = PBXFileReference; lastKnownFileType = sourcecode.c.h; path = "SampleProgram-Prefix.pch"; sourceTree = "<group>"; };
		1962950019C956F200220213 /* en */ = {isa = PBXFileReference; lastKnownFileType = text.rtf; name = en; path = en.lproj/Credits.rtf; sourceTree = "<group>"; };
		1962950219C956F200220213 /* AppDelegate.h */ = {isa = PBXFileReference; lastKnownFileType = sourcecode.c.h; path = AppDelegate.h; sourceTree = "<group>"; };
		1962950319C956F200220213 /* AppDelegate.m */ = {isa = PBXFileReference; lastKnownFileType = sourcecode.c.objc; path = AppDelegate.m; sourceTree = "<group>"; };
		1962950619C956F200220213 /* Base */ = {isa = PBXFileReference; lastKnownFileType = file.xib; name = Base; path = Base.lproj/MainMenu.xib; sourceTree = "<group>"; };
		1962950819C956F200220213 /* Images.xcassets */ = {isa = PBXFileReference; lastKnownFileType = folder.assetcatalog; path = Images.xcassets; sourceTree = "<group>"; };
		1962950E19C956F200220213 /* SampleProgramTests.xctest */ = {isa = PBXFileReference; explicitFileType = wrapper.cfbundle; includeInIndex = 0; path = SampleProgramTests.xctest; sourceTree = BUILT_PRODUCTS_DIR; };
		1962950F19C956F200220213 /* XCTest.framework */ = {isa = PBXFileReference; lastKnownFileType = wrapper.framework; name = XCTest.framework; path = Library/Frameworks/XCTest.framework; sourceTree = DEVELOPER_DIR; };
		1962951619C956F200220213 /* SampleProgramTests-Info.plist */ = {isa = PBXFileReference; lastKnownFileType = text.plist.xml; path = "SampleProgramTests-Info.plist"; sourceTree = "<group>"; };
		1962951819C956F200220213 /* en */ = {isa = PBXFileReference; lastKnownFileType = text.plist.strings; name = en; path = en.lproj/InfoPlist.strings; sourceTree = "<group>"; };
		1962951A19C956F200220213 /* SampleProgramTests.m */ = {isa = PBXFileReference; lastKnownFileType = sourcecode.c.objc; path = SampleProgramTests.m; sourceTree = "<group>"; };
/* End PBXFileReference section */

/* Begin PBXFrameworksBuildPhase section */
		196294EA19C956F200220213 /* Frameworks */ = {
			isa = PBXFrameworksBuildPhase;
			buildActionMask = 2147483647;
			files = (
				196294F119C956F200220213 /* Cocoa.framework in Frameworks */,
			);
			runOnlyForDeploymentPostprocessing = 0;
		};
		1962950B19C956F200220213 /* Frameworks */ = {
			isa = PBXFrameworksBuildPhase;
			buildActionMask = 2147483647;
			files = (
				1962951119C956F200220213 /* Cocoa.framework in Frameworks */,
				1962951019C956F200220213 /* XCTest.framework in Frameworks */,
			);
			runOnlyForDeploymentPostprocessing = 0;
		};
/* End PBXFrameworksBuildPhase section */

/* Begin PBXGroup section */
		196294E419C956F200220213 = {
			isa = PBXGroup;
			children = (
				196294F619C956F200220213 /* SampleProgram */,
				1962951419C956F200220213 /* SampleProgramTests */,
				196294EF19C956F200220213 /* Frameworks */,
				196294EE19C956F200220213 /* Products */,
			);
			sourceTree = "<group>";
		};
		196294EE19C956F200220213 /* Products */ = {
			isa = PBXGroup;
			children = (
				196294ED19C956F200220213 /* SampleProgram.app */,
				1962950E19C956F200220213 /* SampleProgramTests.xctest */,
			);
			name = Products;
			sourceTree = "<group>";
		};
		196294EF19C956F200220213 /* Frameworks */ = {
			isa = PBXGroup;
			children = (
				196294F019C956F200220213 /* Cocoa.framework */,
				1962950F19C956F200220213 /* XCTest.framework */,
				196294F219C956F200220213 /* Other Frameworks */,
			);
			name = Frameworks;
			sourceTree = "<group>";
		};
		196294F219C956F200220213 /* Other Frameworks */ = {
			isa = PBXGroup;
			children = (
				196294F319C956F200220213 /* AppKit.framework */,
				196294F419C956F200220213 /* CoreData.framework */,
				196294F519C956F200220213 /* Foundation.framework */,
			);
			name = "Other Frameworks";
			sourceTree = "<group>";
		};
		196294F619C956F200220213 /* SampleProgram */ = {
			isa = PBXGroup;
			children = (
				1962950219C956F200220213 /* AppDelegate.h */,
				1962950319C956F200220213 /* AppDelegate.m */,
				1962950519C956F200220213 /* MainMenu.xib */,
				1962950819C956F200220213 /* Images.xcassets */,
				196294F719C956F200220213 /* Supporting Files */,
			);
			path = SampleProgram;
			sourceTree = "<group>";
		};
		196294F719C956F200220213 /* Supporting Files */ = {
			isa = PBXGroup;
			children = (
				196294F819C956F200220213 /* SampleProgram-Info.plist */,
				196294F919C956F200220213 /* InfoPlist.strings */,
				196294FC19C956F200220213 /* main.m */,
				196294FE19C956F200220213 /* SampleProgram-Prefix.pch */,
				196294FF19C956F200220213 /* Credits.rtf */,
			);
			name = "Supporting Files";
			sourceTree = "<group>";
		};
		1962951419C956F200220213 /* SampleProgramTests */ = {
			isa = PBXGroup;
			children = (
				1962951A19C956F200220213 /* SampleProgramTests.m */,
				1962951519C956F200220213 /* Supporting Files */,
			);
			path = SampleProgramTests;
			sourceTree = "<group>";
		};
		1962951519C956F200220213 /* Supporting Files */ = {
			isa = PBXGroup;
			children = (
				1962951619C956F200220213 /* SampleProgramTests-Info.plist */,
				1962951719C956F200220213 /* InfoPlist.strings */,
			);
			name = "Supporting Files";
			sourceTree = "<group>";
		};
/* End PBXGroup section */

/* Begin PBXNativeTarget section */
		196294EC19C956F200220213 /* SampleProgram */ = {
			isa = PBXNativeTarget;
			buildConfigurationList = 1962951E19C956F200220213 /* Build configuration list for PBXNativeTarget "SampleProgram" */;
			buildPhases = (
				196294E919C956F200220213 /* Sources */,
				196294EA19C956F200220213 /* Frameworks */,
				196294EB19C956F200220213 /* Resources */,
			);
			buildRules = (
			);
			dependencies = (
			);
			name = SampleProgram;
			productName = SampleProgram;
			productReference = 196294ED19C956F200220213 /* SampleProgram.app */;
			productType = "com.apple.product-type.application";
		};
		1962950D19C956F200220213 /* SampleProgramTests */ = {
			isa = PBXNativeTarget;
			buildConfigurationList = 1962952119C956F200220213 /* Build configuration list for PBXNativeTarget "SampleProgramTests" */;
			buildPhases = (
				1962950A19C956F200220213 /* Sources */,
				1962950B19C956F200220213 /* Frameworks */,
				1962950C19C956F200220213 /* Resources */,
			);
			buildRules = (
			);
			dependencies = (
				1962951319C956F200220213 /* PBXTargetDependency */,
			);
			name = SampleProgramTests;
			productName = SampleProgramTests;
			productReference = 1962950E19C956F200220213 /* SampleProgramTests.xctest */;
			productType = "com.apple.product-type.bundle.unit-test";
		};
/* End PBXNativeTarget section */

/* Begin PBXProject section */
		196294E519C956F200220213 /* Project object */ = {
			isa = PBXProject;
			attributes = {
				LastUpgradeCheck = 0510;
				ORGANIZATIONNAME = "John Russel Usi";
				TargetAttributes = {
					1962950D19C956F200220213 = {
						TestTargetID = 196294EC19C956F200220213;
					};
				};
			};
			buildConfigurationList = 196294E819C956F200220213 /* Build configuration list for PBXProject "SampleProgram" */;
			compatibilityVersion = "Xcode 3.2";
			developmentRegion = English;
			hasScannedForEncodings = 0;
			knownRegions = (
				en,
				Base,
			);
			mainGroup = 196294E419C956F200220213;
			productRefGroup = 196294EE19C956F200220213 /* Products */;
			projectDirPath = "";
			projectRoot = "";
			targets = (
				196294EC19C956F200220213 /* SampleProgram */,
				1962950D19C956F200220213 /* SampleProgramTests */,
			);
		};
/* End PBXProject section */

/* Begin PBXResourcesBuildPhase section */
		196294EB19C956F200220213 /* Resources */ = {
			isa = PBXResourcesBuildPhase;
			buildActionMask = 2147483647;
			files = (
				196294FB19C956F200220213 /* InfoPlist.strings in Resources */,
				1962950919C956F200220213 /* Images.xcassets in Resources */,
				1962950119C956F200220213 /* Credits.rtf in Resources */,
				1962950719C956F200220213 /* MainMenu.xib in Resources */,
			);
			runOnlyForDeploymentPostprocessing = 0;
		};
		1962950C19C956F200220213 /* Resources */ = {
			isa = PBXResourcesBuildPhase;
			buildActionMask = 2147483647;
			files = (
				1962951919C956F200220213 /* InfoPlist.strings in Resources */,
			);
			runOnlyForDeploymentPostprocessing = 0;
		};
/* End PBXResourcesBuildPhase section */

/* Begin PBXSourcesBuildPhase section */
		196294E919C956F200220213 /* Sources */ = {
			isa = PBXSourcesBuildPhase;
			buildActionMask = 2147483647;
			files = (
				1962950419C956F200220213 /* AppDelegate.m in Sources */,
				196294FD19C956F200220213 /* main.m in Sources */,
			);
			runOnlyForDeploymentPostprocessing = 0;
		};
		1962950A19C956F200220213 /* Sources */ = {
			isa = PBXSourcesBuildPhase;
			buildActionMask = 2147483647;
			files = (
				1962951B19C956F200220213 /* SampleProgramTests.m in Sources */,
			);
			runOnlyForDeploymentPostprocessing = 0;
		};
/* End PBXSourcesBuildPhase section */

/* Begin PBXTargetDependency section */
		1962951319C956F200220213 /* PBXTargetDependency */ = {
			isa = PBXTargetDependency;
			target = 196294EC19C956F200220213 /* SampleProgram */;
			targetProxy = 1962951219C956F200220213 /* PBXContainerItemProxy */;
		};
/* End PBXTargetDependency section */

/* Begin PBXVariantGroup section */
		196294F919C956F200220213 /* InfoPlist.strings */ = {
			isa = PBXVariantGroup;
			children = (
				196294FA19C956F200220213 /* en */,
			);
			name = InfoPlist.strings;
			sourceTree = "<group>";
		};
		196294FF19C956F200220213 /* Credits.rtf */ = {
			isa = PBXVariantGroup;
			children = (
				1962950019C956F200220213 /* en */,
			);
			name = Credits.rtf;
			sourceTree = "<group>";
		};
		1962950519C956F200220213 /* MainMenu.xib */ = {
			isa = PBXVariantGroup;
			children = (
				1962950619C956F200220213 /* Base */,
			);
			name = MainMenu.xib;
			sourceTree = "<group>";
		};
		1962951719C956F200220213 /* InfoPlist.strings */ = {
			isa = PBXVariantGroup;
			children = (
				1962951819C956F200220213 /* en */,
			);
			name = InfoPlist.strings;
			sourceTree = "<group>";
		};
/* End PBXVariantGroup section */

/* Begin XCBuildConfiguration section */
		1962951C19C956F200220213 /* Debug */ = {
			isa = XCBuildConfiguration;
			buildSettings = {
				ALWAYS_SEARCH_USER_PATHS = NO;
				CLANG_CXX_LANGUAGE_STANDARD = "gnu++0x";
				CLANG_CXX_LIBRARY = "libc++";
				CLANG_ENABLE_MODULES = YES;
				CLANG_ENABLE_OBJC_ARC = YES;
				CLANG_WARN_BOOL_CONVERSION = YES;
				CLANG_WARN_CONSTANT_CONVERSION = YES;
				CLANG_WARN_DIRECT_OBJC_ISA_USAGE = YES_ERROR;
				CLANG_WARN_EMPTY_BODY = YES;
				CLANG_WARN_ENUM_CONVERSION = YES;
				CLANG_WARN_INT_CONVERSION = YES;
				CLANG_WARN_OBJC_ROOT_CLASS = YES_ERROR;
				CLANG_WARN__DUPLICATE_METHOD_MATCH = YES;
				COPY_PHASE_STRIP = NO;
				GCC_C_LANGUAGE_STANDARD = gnu99;
				GCC_DYNAMIC_NO_PIC = NO;
				GCC_ENABLE_OBJC_EXCEPTIONS = YES;
				GCC_OPTIMIZATION_LEVEL = 0;
				GCC_PREPROCESSOR_DEFINITIONS = (
					"DEBUG=1",
					"$(inherited)",
				);
				GCC_SYMBOLS_PRIVATE_EXTERN = NO;
				GCC_WARN_64_TO_32_BIT_CONVERSION = YES;
				GCC_WARN_ABOUT_RETURN_TYPE = YES_ERROR;
				GCC_WARN_UNDECLARED_SELECTOR = YES;
				GCC_WARN_UNINITIALIZED_AUTOS = YES_AGGRESSIVE;
				GCC_WARN_UNUSED_FUNCTION = YES;
				GCC_WARN_UNUSED_VARIABLE = YES;
				MACOSX_DEPLOYMENT_TARGET = 10.9;
				ONLY_ACTIVE_ARCH = YES;
				SDKROOT = macosx;
			};
			name = Debug;
		};
		1962951D19C956F200220213 /* Release */ = {
			isa = XCBuildConfiguration;
			buildSettings = {
				ALWAYS_SEARCH_USER_PATHS = NO;
				CLANG_CXX_LANGUAGE_STANDARD = "gnu++0x";
				CLANG_CXX_LIBRARY = "libc++";
				CLANG_ENABLE_MODULES = YES;
				CLANG_ENABLE_OBJC_ARC = YES;
				CLANG_WARN_BOOL_CONVERSION = YES;
				CLANG_WARN_CONSTANT_CONVERSION = YES;
				CLANG_WARN_DIRECT_OBJC_ISA_USAGE = YES_ERROR;
				CLANG_WARN_EMPTY_BODY = YES;
				CLANG_WARN_ENUM_CONVERSION = YES;
				CLANG_WARN_INT_CONVERSION = YES;
				CLANG_WARN_OBJC_ROOT_CLASS = YES_ERROR;
				CLANG_WARN__DUPLICATE_METHOD_MATCH = YES;
				COPY_PHASE_STRIP = YES;
				DEBUG_INFORMATION_FORMAT = "dwarf-with-dsym";
				ENABLE_NS_ASSERTIONS = NO;
				GCC_C_LANGUAGE_STANDARD = gnu99;
				GCC_ENABLE_OBJC_EXCEPTIONS = YES;
				GCC_WARN_64_TO_32_BIT_CONVERSION = YES;
				GCC_WARN_ABOUT_RETURN_TYPE = YES_ERROR;
				GCC_WARN_UNDECLARED_SELECTOR = YES;
				GCC_WARN_UNINITIALIZED_AUTOS = YES_AGGRESSIVE;
				GCC_WARN_UNUSED_FUNCTION = YES;
				GCC_WARN_UNUSED_VARIABLE = YES;
				MACOSX_DEPLOYMENT_TARGET = 10.9;
				SDKROOT = macosx;
			};
			name = Release;
		};
		1962951F19C956F200220213 /* Debug */ = {
			isa = XCBuildConfiguration;
			buildSettings = {
				ASSETCATALOG_COMPILER_APPICON_NAME = AppIcon;
				COMBINE_HIDPI_IMAGES = YES;
				GCC_PRECOMPILE_PREFIX_HEADER = YES;
				GCC_PREFIX_HEADER = "SampleProgram/SampleProgram-Prefix.pch";
				INFOPLIST_FILE = "SampleProgram/SampleProgram-Info.plist";
				PRODUCT_NAME = "$(TARGET_NAME)";
				WRAPPER_EXTENSION = app;
			};
			name = Debug;
		};
		1962952019C956F200220213 /* Release */ = {
			isa = XCBuildConfiguration;
			buildSettings = {
				ASSETCATALOG_COMPILER_APPICON_NAME = AppIcon;
				COMBINE_HIDPI_IMAGES = YES;
				GCC_PRECOMPILE_PREFIX_HEADER = YES;
				GCC_PREFIX_HEADER = "SampleProgram/SampleProgram-Prefix.pch";
				INFOPLIST_FILE = "SampleProgram/SampleProgram-Info.plist";
				PRODUCT_NAME = "$(TARGET_NAME)";
				WRAPPER_EXTENSION = app;
			};
			name = Release;
		};
		1962952219C956F200220213 /* Debug */ = {
			isa = XCBuildConfiguration;
			buildSettings = {
				BUNDLE_LOADER = "$(BUILT_PRODUCTS_DIR)/SampleProgram.app/Contents/MacOS/SampleProgram";
				COMBINE_HIDPI_IMAGES = YES;
				FRAMEWORK_SEARCH_PATHS = (
					"$(DEVELOPER_FRAMEWORKS_DIR)",
					"$(inherited)",
				);
				GCC_PRECOMPILE_PREFIX_HEADER = YES;
				GCC_PREFIX_HEADER = "SampleProgram/SampleProgram-Prefix.pch";
				GCC_PREPROCESSOR_DEFINITIONS = (
					"DEBUG=1",
					"$(inherited)",
				);
				INFOPLIST_FILE = "SampleProgramTests/SampleProgramTests-Info.plist";
				PRODUCT_NAME = "$(TARGET_NAME)";
				TEST_HOST = "$(BUNDLE_LOADER)";
				WRAPPER_EXTENSION = xctest;
			};
			name = Debug;
		};
		1962952319C956F200220213 /* Release */ = {
			isa = XCBuildConfiguration;
			buildSettings = {
				BUNDLE_LOADER = "$(BUILT_PRODUCTS_DIR)/SampleProgram.app/Contents/MacOS/SampleProgram";
				COMBINE_HIDPI_IMAGES = YES;
				FRAMEWORK_SEARCH_PATHS = (
					"$(DEVELOPER_FRAMEWORKS_DIR)",
					"$(inherited)",
				);
				GCC_PRECOMPILE_PREFIX_HEADER = YES;
				GCC_PREFIX_HEADER = "SampleProgram/SampleProgram-Prefix.pch";
				INFOPLIST_FILE = "SampleProgramTests/SampleProgramTests-Info.plist";
				PRODUCT_NAME = "$(TARGET_NAME)";
				TEST_HOST = "$(BUNDLE_LOADER)";
				WRAPPER_EXTENSION = xctest;
			};
			name = Release;
		};
/* End XCBuildConfiguration section */

/* Begin XCConfigurationList section */
		196294E819C956F200220213 /* Build configuration list for PBXProject "SampleProgram" */ = {
			isa = XCConfigurationList;
			buildConfigurations = (
				1962951C19C956F200220213 /* Debug */,
				1962951D19C956F200220213 /* Release */,
			);
			defaultConfigurationIsVisible = 0;
			defaultConfigurationName = Release;
		};
		1962951E19C956F200220213 /* Build configuration list for PBXNativeTarget "SampleProgram" */ = {
			isa = XCConfigurationList;
			buildConfigurations = (
				1962951F19C956F200220213 /* Debug */,
				1962952019C956F200220213 /* Release */,
			);
			defaultConfigurationIsVisible = 0;
		};
		1962952119C956F200220213 /* Build configuration list for PBXNativeTarget "SampleProgramTests" */ = {
			isa = XCConfigurationList;
			buildConfigurations = (
				1962952219C956F200220213 /* Debug */,
				1962952319C956F200220213 /* Release */,
			);
			defaultConfigurationIsVisible = 0;
		};
/* End XCConfigurationList section */
	};
	rootObject = 196294E519C956F200220213 /* Project object */;
}
