// !$*UTF8*$!
{
	archiveVersion = 1;
	classes = {
	};
	objectVersion = 46;
	objects = {

/* Begin PBXBuildFile section */
		192004D919C683170075E8DC /* Foundation.framework in Frameworks */ = {isa = PBXBuildFile; fileRef = 192004D819C683170075E8DC /* Foundation.framework */; };
		192004DC19C683170075E8DC /* main.m in Sources */ = {isa = PBXBuildFile; fileRef = 192004DB19C683170075E8DC /* main.m */; };
		192004E019C683170075E8DC /* VowelCounting.1 in CopyFiles */ = {isa = PBXBuildFile; fileRef = 192004DF19C683170075E8DC /* VowelCounting.1 */; };
/* End PBXBuildFile section */

/* Begin PBXCopyFilesBuildPhase section */
		192004D319C683170075E8DC /* CopyFiles */ = {
			isa = PBXCopyFilesBuildPhase;
			buildActionMask = 2147483647;
			dstPath = /usr/share/man/man1/;
			dstSubfolderSpec = 0;
			files = (
				192004E019C683170075E8DC /* VowelCounting.1 in CopyFiles */,
			);
			runOnlyForDeploymentPostprocessing = 1;
		};
/* End PBXCopyFilesBuildPhase section */

/* Begin PBXFileReference section */
		192004D519C683170075E8DC /* VowelCounting */ = {isa = PBXFileReference; explicitFileType = "compiled.mach-o.executable"; includeInIndex = 0; path = VowelCounting; sourceTree = BUILT_PRODUCTS_DIR; };
		192004D819C683170075E8DC /* Foundation.framework */ = {isa = PBXFileReference; lastKnownFileType = wrapper.framework; name = Foundation.framework; path = System/Library/Frameworks/Foundation.framework; sourceTree = SDKROOT; };
		192004DB19C683170075E8DC /* main.m */ = {isa = PBXFileReference; lastKnownFileType = sourcecode.c.objc; path = main.m; sourceTree = "<group>"; };
		192004DE19C683170075E8DC /* VowelCounting-Prefix.pch */ = {isa = PBXFileReference; lastKnownFileType = sourcecode.c.h; path = "VowelCounting-Prefix.pch"; sourceTree = "<group>"; };
		192004DF19C683170075E8DC /* VowelCounting.1 */ = {isa = PBXFileReference; lastKnownFileType = text.man; path = VowelCounting.1; sourceTree = "<group>"; };
/* End PBXFileReference section */

/* Begin PBXFrameworksBuildPhase section */
		192004D219C683170075E8DC /* Frameworks */ = {
			isa = PBXFrameworksBuildPhase;
			buildActionMask = 2147483647;
			files = (
				192004D919C683170075E8DC /* Foundation.framework in Frameworks */,
			);
			runOnlyForDeploymentPostprocessing = 0;
		};
/* End PBXFrameworksBuildPhase section */

/* Begin PBXGroup section */
		192004CC19C683170075E8DC = {
			isa = PBXGroup;
			children = (
				192004DA19C683170075E8DC /* VowelCounting */,
				192004D719C683170075E8DC /* Frameworks */,
				192004D619C683170075E8DC /* Products */,
			);
			sourceTree = "<group>";
		};
		192004D619C683170075E8DC /* Products */ = {
			isa = PBXGroup;
			children = (
				192004D519C683170075E8DC /* VowelCounting */,
			);
			name = Products;
			sourceTree = "<group>";
		};
		192004D719C683170075E8DC /* Frameworks */ = {
			isa = PBXGroup;
			children = (
				192004D819C683170075E8DC /* Foundation.framework */,
			);
			name = Frameworks;
			sourceTree = "<group>";
		};
		192004DA19C683170075E8DC /* VowelCounting */ = {
			isa = PBXGroup;
			children = (
				192004DB19C683170075E8DC /* main.m */,
				192004DF19C683170075E8DC /* VowelCounting.1 */,
				192004DD19C683170075E8DC /* Supporting Files */,
			);
			path = VowelCounting;
			sourceTree = "<group>";
		};
		192004DD19C683170075E8DC /* Supporting Files */ = {
			isa = PBXGroup;
			children = (
				192004DE19C683170075E8DC /* VowelCounting-Prefix.pch */,
			);
			name = "Supporting Files";
			sourceTree = "<group>";
		};
/* End PBXGroup section */

/* Begin PBXNativeTarget section */
		192004D419C683170075E8DC /* VowelCounting */ = {
			isa = PBXNativeTarget;
			buildConfigurationList = 192004E319C683170075E8DC /* Build configuration list for PBXNativeTarget "VowelCounting" */;
			buildPhases = (
				192004D119C683170075E8DC /* Sources */,
				192004D219C683170075E8DC /* Frameworks */,
				192004D319C683170075E8DC /* CopyFiles */,
			);
			buildRules = (
			);
			dependencies = (
			);
			name = VowelCounting;
			productName = VowelCounting;
			productReference = 192004D519C683170075E8DC /* VowelCounting */;
			productType = "com.apple.product-type.tool";
		};
/* End PBXNativeTarget section */

/* Begin PBXProject section */
		192004CD19C683170075E8DC /* Project object */ = {
			isa = PBXProject;
			attributes = {
				LastUpgradeCheck = 0510;
				ORGANIZATIONNAME = "John Russel Usi";
			};
			buildConfigurationList = 192004D019C683170075E8DC /* Build configuration list for PBXProject "VowelCounting" */;
			compatibilityVersion = "Xcode 3.2";
			developmentRegion = English;
			hasScannedForEncodings = 0;
			knownRegions = (
				en,
			);
			mainGroup = 192004CC19C683170075E8DC;
			productRefGroup = 192004D619C683170075E8DC /* Products */;
			projectDirPath = "";
			projectRoot = "";
			targets = (
				192004D419C683170075E8DC /* VowelCounting */,
			);
		};
/* End PBXProject section */

/* Begin PBXSourcesBuildPhase section */
		192004D119C683170075E8DC /* Sources */ = {
			isa = PBXSourcesBuildPhase;
			buildActionMask = 2147483647;
			files = (
				192004DC19C683170075E8DC /* main.m in Sources */,
			);
			runOnlyForDeploymentPostprocessing = 0;
		};
/* End PBXSourcesBuildPhase section */

/* Begin XCBuildConfiguration section */
		192004E119C683170075E8DC /* Debug */ = {
			isa = XCBuildConfiguration;
			buildSettings = {
				ALWAYS_SEARCH_USER_PATHS = NO;
				CLANG_CXX_LANGUAGE_STANDARD = "gnu++0x";
				CLANG_CXX_LIBRARY = "libc++";
				CLANG_ENABLE_MODULES = YES;
				CLANG_ENABLE_OBJC_ARC = YES;
				CLANG_WARN_BOOL_CONVERSION = YES;
				CLANG_WARN_CONSTANT_CONVERSION = YES;
				CLANG_WARN_DIRECT_OBJC_ISA_USAGE = YES_ERROR;
				CLANG_WARN_EMPTY_BODY = YES;
				CLANG_WARN_ENUM_CONVERSION = YES;
				CLANG_WARN_INT_CONVERSION = YES;
				CLANG_WARN_OBJC_ROOT_CLASS = YES_ERROR;
				CLANG_WARN__DUPLICATE_METHOD_MATCH = YES;
				COPY_PHASE_STRIP = NO;
				GCC_C_LANGUAGE_STANDARD = gnu99;
				GCC_DYNAMIC_NO_PIC = NO;
				GCC_ENABLE_OBJC_EXCEPTIONS = YES;
				GCC_OPTIMIZATION_LEVEL = 0;
				GCC_PREPROCESSOR_DEFINITIONS = (
					"DEBUG=1",
					"$(inherited)",
				);
				GCC_SYMBOLS_PRIVATE_EXTERN = NO;
				GCC_WARN_64_TO_32_BIT_CONVERSION = YES;
				GCC_WARN_ABOUT_RETURN_TYPE = YES_ERROR;
				GCC_WARN_UNDECLARED_SELECTOR = YES;
				GCC_WARN_UNINITIALIZED_AUTOS = YES_AGGRESSIVE;
				GCC_WARN_UNUSED_FUNCTION = YES;
				GCC_WARN_UNUSED_VARIABLE = YES;
				MACOSX_DEPLOYMENT_TARGET = 10.9;
				ONLY_ACTIVE_ARCH = YES;
				SDKROOT = macosx;
			};
			name = Debug;
		};
		192004E219C683170075E8DC /* Release */ = {
			isa = XCBuildConfiguration;
			buildSettings = {
				ALWAYS_SEARCH_USER_PATHS = NO;
				CLANG_CXX_LANGUAGE_STANDARD = "gnu++0x";
				CLANG_CXX_LIBRARY = "libc++";
				CLANG_ENABLE_MODULES = YES;
				CLANG_ENABLE_OBJC_ARC = YES;
				CLANG_WARN_BOOL_CONVERSION = YES;
				CLANG_WARN_CONSTANT_CONVERSION = YES;
				CLANG_WARN_DIRECT_OBJC_ISA_USAGE = YES_ERROR;
				CLANG_WARN_EMPTY_BODY = YES;
				CLANG_WARN_ENUM_CONVERSION = YES;
				CLANG_WARN_INT_CONVERSION = YES;
				CLANG_WARN_OBJC_ROOT_CLASS = YES_ERROR;
				CLANG_WARN__DUPLICATE_METHOD_MATCH = YES;
				COPY_PHASE_STRIP = YES;
				DEBUG_INFORMATION_FORMAT = "dwarf-with-dsym";
				ENABLE_NS_ASSERTIONS = NO;
				GCC_C_LANGUAGE_STANDARD = gnu99;
				GCC_ENABLE_OBJC_EXCEPTIONS = YES;
				GCC_WARN_64_TO_32_BIT_CONVERSION = YES;
				GCC_WARN_ABOUT_RETURN_TYPE = YES_ERROR;
				GCC_WARN_UNDECLARED_SELECTOR = YES;
				GCC_WARN_UNINITIALIZED_AUTOS = YES_AGGRESSIVE;
				GCC_WARN_UNUSED_FUNCTION = YES;
				GCC_WARN_UNUSED_VARIABLE = YES;
				MACOSX_DEPLOYMENT_TARGET = 10.9;
				SDKROOT = macosx;
			};
			name = Release;
		};
		192004E419C683170075E8DC /* Debug */ = {
			isa = XCBuildConfiguration;
			buildSettings = {
				GCC_PRECOMPILE_PREFIX_HEADER = YES;
				GCC_PREFIX_HEADER = "VowelCounting/VowelCounting-Prefix.pch";
				PRODUCT_NAME = "$(TARGET_NAME)";
			};
			name = Debug;
		};
		192004E519C683170075E8DC /* Release */ = {
			isa = XCBuildConfiguration;
			buildSettings = {
				GCC_PRECOMPILE_PREFIX_HEADER = YES;
				GCC_PREFIX_HEADER = "VowelCounting/VowelCounting-Prefix.pch";
				PRODUCT_NAME = "$(TARGET_NAME)";
			};
			name = Release;
		};
/* End XCBuildConfiguration section */

/* Begin XCConfigurationList section */
		192004D019C683170075E8DC /* Build configuration list for PBXProject "VowelCounting" */ = {
			isa = XCConfigurationList;
			buildConfigurations = (
				192004E119C683170075E8DC /* Debug */,
				192004E219C683170075E8DC /* Release */,
			);
			defaultConfigurationIsVisible = 0;
			defaultConfigurationName = Release;
		};
		192004E319C683170075E8DC /* Build configuration list for PBXNativeTarget "VowelCounting" */ = {
			isa = XCConfigurationList;
			buildConfigurations = (
				192004E419C683170075E8DC /* Debug */,
				192004E519C683170075E8DC /* Release */,
			);
			defaultConfigurationIsVisible = 0;
		};
/* End XCConfigurationList section */
	};
	rootObject = 192004CD19C683170075E8DC /* Project object */;
}
