// !$*UTF8*$!
{
	archiveVersion = 1;
	classes = {
	};
	objectVersion = 46;
	objects = {

/* Begin PBXBuildFile section */
		1920051019C684180075E8DC /* Foundation.framework in Frameworks */ = {isa = PBXBuildFile; fileRef = 1920050F19C684180075E8DC /* Foundation.framework */; };
		1920051319C684180075E8DC /* main.m in Sources */ = {isa = PBXBuildFile; fileRef = 1920051219C684180075E8DC /* main.m */; };
		1920051719C684180075E8DC /* VowelCounter.1 in CopyFiles */ = {isa = PBXBuildFile; fileRef = 1920051619C684180075E8DC /* VowelCounter.1 */; };
		1920051F19C684380075E8DC /* NSString+VowelCounting.m in Sources */ = {isa = PBXBuildFile; fileRef = 1920051E19C684380075E8DC /* NSString+VowelCounting.m */; };
/* End PBXBuildFile section */

/* Begin PBXCopyFilesBuildPhase section */
		1920050A19C684180075E8DC /* CopyFiles */ = {
			isa = PBXCopyFilesBuildPhase;
			buildActionMask = 2147483647;
			dstPath = /usr/share/man/man1/;
			dstSubfolderSpec = 0;
			files = (
				1920051719C684180075E8DC /* VowelCounter.1 in CopyFiles */,
			);
			runOnlyForDeploymentPostprocessing = 1;
		};
/* End PBXCopyFilesBuildPhase section */

/* Begin PBXFileReference section */
		1920050C19C684180075E8DC /* VowelCounter */ = {isa = PBXFileReference; explicitFileType = "compiled.mach-o.executable"; includeInIndex = 0; path = VowelCounter; sourceTree = BUILT_PRODUCTS_DIR; };
		1920050F19C684180075E8DC /* Foundation.framework */ = {isa = PBXFileReference; lastKnownFileType = wrapper.framework; name = Foundation.framework; path = System/Library/Frameworks/Foundation.framework; sourceTree = SDKROOT; };
		1920051219C684180075E8DC /* main.m */ = {isa = PBXFileReference; lastKnownFileType = sourcecode.c.objc; path = main.m; sourceTree = "<group>"; };
		1920051519C684180075E8DC /* VowelCounter-Prefix.pch */ = {isa = PBXFileReference; lastKnownFileType = sourcecode.c.h; path = "VowelCounter-Prefix.pch"; sourceTree = "<group>"; };
		1920051619C684180075E8DC /* VowelCounter.1 */ = {isa = PBXFileReference; lastKnownFileType = text.man; path = VowelCounter.1; sourceTree = "<group>"; };
		1920051D19C684380075E8DC /* NSString+VowelCounting.h */ = {isa = PBXFileReference; fileEncoding = 4; lastKnownFileType = sourcecode.c.h; path = "NSString+VowelCounting.h"; sourceTree = "<group>"; };
		1920051E19C684380075E8DC /* NSString+VowelCounting.m */ = {isa = PBXFileReference; fileEncoding = 4; lastKnownFileType = sourcecode.c.objc; path = "NSString+VowelCounting.m"; sourceTree = "<group>"; };
/* End PBXFileReference section */

/* Begin PBXFrameworksBuildPhase section */
		1920050919C684180075E8DC /* Frameworks */ = {
			isa = PBXFrameworksBuildPhase;
			buildActionMask = 2147483647;
			files = (
				1920051019C684180075E8DC /* Foundation.framework in Frameworks */,
			);
			runOnlyForDeploymentPostprocessing = 0;
		};
/* End PBXFrameworksBuildPhase section */

/* Begin PBXGroup section */
		1920050319C684180075E8DC = {
			isa = PBXGroup;
			children = (
				1920051D19C684380075E8DC /* NSString+VowelCounting.h */,
				1920051E19C684380075E8DC /* NSString+VowelCounting.m */,
				1920051119C684180075E8DC /* VowelCounter */,
				1920050E19C684180075E8DC /* Frameworks */,
				1920050D19C684180075E8DC /* Products */,
			);
			sourceTree = "<group>";
		};
		1920050D19C684180075E8DC /* Products */ = {
			isa = PBXGroup;
			children = (
				1920050C19C684180075E8DC /* VowelCounter */,
			);
			name = Products;
			sourceTree = "<group>";
		};
		1920050E19C684180075E8DC /* Frameworks */ = {
			isa = PBXGroup;
			children = (
				1920050F19C684180075E8DC /* Foundation.framework */,
			);
			name = Frameworks;
			sourceTree = "<group>";
		};
		1920051119C684180075E8DC /* VowelCounter */ = {
			isa = PBXGroup;
			children = (
				1920051219C684180075E8DC /* main.m */,
				1920051619C684180075E8DC /* VowelCounter.1 */,
				1920051419C684180075E8DC /* Supporting Files */,
			);
			path = VowelCounter;
			sourceTree = "<group>";
		};
		1920051419C684180075E8DC /* Supporting Files */ = {
			isa = PBXGroup;
			children = (
				1920051519C684180075E8DC /* VowelCounter-Prefix.pch */,
			);
			name = "Supporting Files";
			sourceTree = "<group>";
		};
/* End PBXGroup section */

/* Begin PBXNativeTarget section */
		1920050B19C684180075E8DC /* VowelCounter */ = {
			isa = PBXNativeTarget;
			buildConfigurationList = 1920051A19C684180075E8DC /* Build configuration list for PBXNativeTarget "VowelCounter" */;
			buildPhases = (
				1920050819C684180075E8DC /* Sources */,
				1920050919C684180075E8DC /* Frameworks */,
				1920050A19C684180075E8DC /* CopyFiles */,
			);
			buildRules = (
			);
			dependencies = (
			);
			name = VowelCounter;
			productName = VowelCounter;
			productReference = 1920050C19C684180075E8DC /* VowelCounter */;
			productType = "com.apple.product-type.tool";
		};
/* End PBXNativeTarget section */

/* Begin PBXProject section */
		1920050419C684180075E8DC /* Project object */ = {
			isa = PBXProject;
			attributes = {
				LastUpgradeCheck = 0510;
				ORGANIZATIONNAME = "John Russel Usi";
			};
			buildConfigurationList = 1920050719C684180075E8DC /* Build configuration list for PBXProject "VowelCounter" */;
			compatibilityVersion = "Xcode 3.2";
			developmentRegion = English;
			hasScannedForEncodings = 0;
			knownRegions = (
				en,
			);
			mainGroup = 1920050319C684180075E8DC;
			productRefGroup = 1920050D19C684180075E8DC /* Products */;
			projectDirPath = "";
			projectRoot = "";
			targets = (
				1920050B19C684180075E8DC /* VowelCounter */,
			);
		};
/* End PBXProject section */

/* Begin PBXSourcesBuildPhase section */
		1920050819C684180075E8DC /* Sources */ = {
			isa = PBXSourcesBuildPhase;
			buildActionMask = 2147483647;
			files = (
				1920051F19C684380075E8DC /* NSString+VowelCounting.m in Sources */,
				1920051319C684180075E8DC /* main.m in Sources */,
			);
			runOnlyForDeploymentPostprocessing = 0;
		};
/* End PBXSourcesBuildPhase section */

/* Begin XCBuildConfiguration section */
		1920051819C684180075E8DC /* Debug */ = {
			isa = XCBuildConfiguration;
			buildSettings = {
				ALWAYS_SEARCH_USER_PATHS = NO;
				CLANG_CXX_LANGUAGE_STANDARD = "gnu++0x";
				CLANG_CXX_LIBRARY = "libc++";
				CLANG_ENABLE_MODULES = YES;
				CLANG_ENABLE_OBJC_ARC = YES;
				CLANG_WARN_BOOL_CONVERSION = YES;
				CLANG_WARN_CONSTANT_CONVERSION = YES;
				CLANG_WARN_DIRECT_OBJC_ISA_USAGE = YES_ERROR;
				CLANG_WARN_EMPTY_BODY = YES;
				CLANG_WARN_ENUM_CONVERSION = YES;
				CLANG_WARN_INT_CONVERSION = YES;
				CLANG_WARN_OBJC_ROOT_CLASS = YES_ERROR;
				CLANG_WARN__DUPLICATE_METHOD_MATCH = YES;
				COPY_PHASE_STRIP = NO;
				GCC_C_LANGUAGE_STANDARD = gnu99;
				GCC_DYNAMIC_NO_PIC = NO;
				GCC_ENABLE_OBJC_EXCEPTIONS = YES;
				GCC_OPTIMIZATION_LEVEL = 0;
				GCC_PREPROCESSOR_DEFINITIONS = (
					"DEBUG=1",
					"$(inherited)",
				);
				GCC_SYMBOLS_PRIVATE_EXTERN = NO;
				GCC_WARN_64_TO_32_BIT_CONVERSION = YES;
				GCC_WARN_ABOUT_RETURN_TYPE = YES_ERROR;
				GCC_WARN_UNDECLARED_SELECTOR = YES;
				GCC_WARN_UNINITIALIZED_AUTOS = YES_AGGRESSIVE;
				GCC_WARN_UNUSED_FUNCTION = YES;
				GCC_WARN_UNUSED_VARIABLE = YES;
				MACOSX_DEPLOYMENT_TARGET = 10.9;
				ONLY_ACTIVE_ARCH = YES;
				SDKROOT = macosx;
			};
			name = Debug;
		};
		1920051919C684180075E8DC /* Release */ = {
			isa = XCBuildConfiguration;
			buildSettings = {
				ALWAYS_SEARCH_USER_PATHS = NO;
				CLANG_CXX_LANGUAGE_STANDARD = "gnu++0x";
				CLANG_CXX_LIBRARY = "libc++";
				CLANG_ENABLE_MODULES = YES;
				CLANG_ENABLE_OBJC_ARC = YES;
				CLANG_WARN_BOOL_CONVERSION = YES;
				CLANG_WARN_CONSTANT_CONVERSION = YES;
				CLANG_WARN_DIRECT_OBJC_ISA_USAGE = YES_ERROR;
				CLANG_WARN_EMPTY_BODY = YES;
				CLANG_WARN_ENUM_CONVERSION = YES;
				CLANG_WARN_INT_CONVERSION = YES;
				CLANG_WARN_OBJC_ROOT_CLASS = YES_ERROR;
				CLANG_WARN__DUPLICATE_METHOD_MATCH = YES;
				COPY_PHASE_STRIP = YES;
				DEBUG_INFORMATION_FORMAT = "dwarf-with-dsym";
				ENABLE_NS_ASSERTIONS = NO;
				GCC_C_LANGUAGE_STANDARD = gnu99;
				GCC_ENABLE_OBJC_EXCEPTIONS = YES;
				GCC_WARN_64_TO_32_BIT_CONVERSION = YES;
				GCC_WARN_ABOUT_RETURN_TYPE = YES_ERROR;
				GCC_WARN_UNDECLARED_SELECTOR = YES;
				GCC_WARN_UNINITIALIZED_AUTOS = YES_AGGRESSIVE;
				GCC_WARN_UNUSED_FUNCTION = YES;
				GCC_WARN_UNUSED_VARIABLE = YES;
				MACOSX_DEPLOYMENT_TARGET = 10.9;
				SDKROOT = macosx;
			};
			name = Release;
		};
		1920051B19C684180075E8DC /* Debug */ = {
			isa = XCBuildConfiguration;
			buildSettings = {
				GCC_PRECOMPILE_PREFIX_HEADER = YES;
				GCC_PREFIX_HEADER = "VowelCounter/VowelCounter-Prefix.pch";
				PRODUCT_NAME = "$(TARGET_NAME)";
			};
			name = Debug;
		};
		1920051C19C684180075E8DC /* Release */ = {
			isa = XCBuildConfiguration;
			buildSettings = {
				GCC_PRECOMPILE_PREFIX_HEADER = YES;
				GCC_PREFIX_HEADER = "VowelCounter/VowelCounter-Prefix.pch";
				PRODUCT_NAME = "$(TARGET_NAME)";
			};
			name = Release;
		};
/* End XCBuildConfiguration section */

/* Begin XCConfigurationList section */
		1920050719C684180075E8DC /* Build configuration list for PBXProject "VowelCounter" */ = {
			isa = XCConfigurationList;
			buildConfigurations = (
				1920051819C684180075E8DC /* Debug */,
				1920051919C684180075E8DC /* Release */,
			);
			defaultConfigurationIsVisible = 0;
			defaultConfigurationName = Release;
		};
		1920051A19C684180075E8DC /* Build configuration list for PBXNativeTarget "VowelCounter" */ = {
			isa = XCConfigurationList;
			buildConfigurations = (
				1920051B19C684180075E8DC /* Debug */,
				1920051C19C684180075E8DC /* Release */,
			);
			defaultConfigurationIsVisible = 0;
		};
/* End XCConfigurationList section */
	};
	rootObject = 1920050419C684180075E8DC /* Project object */;
}
