// !$*UTF8*$!
{
	archiveVersion = 1;
	classes = {
	};
	objectVersion = 46;
	objects = {

/* Begin PBXBuildFile section */
		198C05F519D27DE5007970AB /* Cocoa.framework in Frameworks */ = {isa = PBXBuildFile; fileRef = 198C05F419D27DE5007970AB /* Cocoa.framework */; };
		198C05FF19D27DE5007970AB /* InfoPlist.strings in Resources */ = {isa = PBXBuildFile; fileRef = 198C05FD19D27DE5007970AB /* InfoPlist.strings */; };
		198C060119D27DE5007970AB /* main.m in Sources */ = {isa = PBXBuildFile; fileRef = 198C060019D27DE5007970AB /* main.m */; };
		198C060519D27DE5007970AB /* Credits.rtf in Resources */ = {isa = PBXBuildFile; fileRef = 198C060319D27DE5007970AB /* Credits.rtf */; };
		198C060819D27DE5007970AB /* AppDelegate.m in Sources */ = {isa = PBXBuildFile; fileRef = 198C060719D27DE5007970AB /* AppDelegate.m */; };
		198C060B19D27DE5007970AB /* MainMenu.xib in Resources */ = {isa = PBXBuildFile; fileRef = 198C060919D27DE5007970AB /* MainMenu.xib */; };
		198C060D19D27DE5007970AB /* Images.xcassets in Resources */ = {isa = PBXBuildFile; fileRef = 198C060C19D27DE5007970AB /* Images.xcassets */; };
		198C061419D27DE5007970AB /* XCTest.framework in Frameworks */ = {isa = PBXBuildFile; fileRef = 198C061319D27DE5007970AB /* XCTest.framework */; };
		198C061519D27DE5007970AB /* Cocoa.framework in Frameworks */ = {isa = PBXBuildFile; fileRef = 198C05F419D27DE5007970AB /* Cocoa.framework */; };
		198C061D19D27DE5007970AB /* InfoPlist.strings in Resources */ = {isa = PBXBuildFile; fileRef = 198C061B19D27DE5007970AB /* InfoPlist.strings */; };
		198C061F19D27DE5007970AB /* UIPersonTests.m in Sources */ = {isa = PBXBuildFile; fileRef = 198C061E19D27DE5007970AB /* UIPersonTests.m */; };
/* End PBXBuildFile section */

/* Begin PBXContainerItemProxy section */
		198C061619D27DE5007970AB /* PBXContainerItemProxy */ = {
			isa = PBXContainerItemProxy;
			containerPortal = 198C05E919D27DE5007970AB /* Project object */;
			proxyType = 1;
			remoteGlobalIDString = 198C05F019D27DE5007970AB;
			remoteInfo = UIPerson;
		};
/* End PBXContainerItemProxy section */

/* Begin PBXFileReference section */
		198C05F119D27DE5007970AB /* UIPerson.app */ = {isa = PBXFileReference; explicitFileType = wrapper.application; includeInIndex = 0; path = UIPerson.app; sourceTree = BUILT_PRODUCTS_DIR; };
		198C05F419D27DE5007970AB /* Cocoa.framework */ = {isa = PBXFileReference; lastKnownFileType = wrapper.framework; name = Cocoa.framework; path = System/Library/Frameworks/Cocoa.framework; sourceTree = SDKROOT; };
		198C05F719D27DE5007970AB /* AppKit.framework */ = {isa = PBXFileReference; lastKnownFileType = wrapper.framework; name = AppKit.framework; path = System/Library/Frameworks/AppKit.framework; sourceTree = SDKROOT; };
		198C05F819D27DE5007970AB /* CoreData.framework */ = {isa = PBXFileReference; lastKnownFileType = wrapper.framework; name = CoreData.framework; path = System/Library/Frameworks/CoreData.framework; sourceTree = SDKROOT; };
		198C05F919D27DE5007970AB /* Foundation.framework */ = {isa = PBXFileReference; lastKnownFileType = wrapper.framework; name = Foundation.framework; path = System/Library/Frameworks/Foundation.framework; sourceTree = SDKROOT; };
		198C05FC19D27DE5007970AB /* UIPerson-Info.plist */ = {isa = PBXFileReference; lastKnownFileType = text.plist.xml; path = "UIPerson-Info.plist"; sourceTree = "<group>"; };
		198C05FE19D27DE5007970AB /* en */ = {isa = PBXFileReference; lastKnownFileType = text.plist.strings; name = en; path = en.lproj/InfoPlist.strings; sourceTree = "<group>"; };
		198C060019D27DE5007970AB /* main.m */ = {isa = PBXFileReference; lastKnownFileType = sourcecode.c.objc; path = main.m; sourceTree = "<group>"; };
		198C060219D27DE5007970AB /* UIPerson-Prefix.pch */ = {isa = PBXFileReference; lastKnownFileType = sourcecode.c.h; path = "UIPerson-Prefix.pch"; sourceTree = "<group>"; };
		198C060419D27DE5007970AB /* en */ = {isa = PBXFileReference; lastKnownFileType = text.rtf; name = en; path = en.lproj/Credits.rtf; sourceTree = "<group>"; };
		198C060619D27DE5007970AB /* AppDelegate.h */ = {isa = PBXFileReference; lastKnownFileType = sourcecode.c.h; path = AppDelegate.h; sourceTree = "<group>"; };
		198C060719D27DE5007970AB /* AppDelegate.m */ = {isa = PBXFileReference; lastKnownFileType = sourcecode.c.objc; path = AppDelegate.m; sourceTree = "<group>"; };
		198C060A19D27DE5007970AB /* Base */ = {isa = PBXFileReference; lastKnownFileType = file.xib; name = Base; path = Base.lproj/MainMenu.xib; sourceTree = "<group>"; };
		198C060C19D27DE5007970AB /* Images.xcassets */ = {isa = PBXFileReference; lastKnownFileType = folder.assetcatalog; path = Images.xcassets; sourceTree = "<group>"; };
		198C061219D27DE5007970AB /* UIPersonTests.xctest */ = {isa = PBXFileReference; explicitFileType = wrapper.cfbundle; includeInIndex = 0; path = UIPersonTests.xctest; sourceTree = BUILT_PRODUCTS_DIR; };
		198C061319D27DE5007970AB /* XCTest.framework */ = {isa = PBXFileReference; lastKnownFileType = wrapper.framework; name = XCTest.framework; path = Library/Frameworks/XCTest.framework; sourceTree = DEVELOPER_DIR; };
		198C061A19D27DE5007970AB /* UIPersonTests-Info.plist */ = {isa = PBXFileReference; lastKnownFileType = text.plist.xml; path = "UIPersonTests-Info.plist"; sourceTree = "<group>"; };
		198C061C19D27DE5007970AB /* en */ = {isa = PBXFileReference; lastKnownFileType = text.plist.strings; name = en; path = en.lproj/InfoPlist.strings; sourceTree = "<group>"; };
		198C061E19D27DE5007970AB /* UIPersonTests.m */ = {isa = PBXFileReference; lastKnownFileType = sourcecode.c.objc; path = UIPersonTests.m; sourceTree = "<group>"; };
/* End PBXFileReference section */

/* Begin PBXFrameworksBuildPhase section */
		198C05EE19D27DE5007970AB /* Frameworks */ = {
			isa = PBXFrameworksBuildPhase;
			buildActionMask = 2147483647;
			files = (
				198C05F519D27DE5007970AB /* Cocoa.framework in Frameworks */,
			);
			runOnlyForDeploymentPostprocessing = 0;
		};
		198C060F19D27DE5007970AB /* Frameworks */ = {
			isa = PBXFrameworksBuildPhase;
			buildActionMask = 2147483647;
			files = (
				198C061519D27DE5007970AB /* Cocoa.framework in Frameworks */,
				198C061419D27DE5007970AB /* XCTest.framework in Frameworks */,
			);
			runOnlyForDeploymentPostprocessing = 0;
		};
/* End PBXFrameworksBuildPhase section */

/* Begin PBXGroup section */
		198C05E819D27DE5007970AB = {
			isa = PBXGroup;
			children = (
				198C05FA19D27DE5007970AB /* UIPerson */,
				198C061819D27DE5007970AB /* UIPersonTests */,
				198C05F319D27DE5007970AB /* Frameworks */,
				198C05F219D27DE5007970AB /* Products */,
			);
			sourceTree = "<group>";
		};
		198C05F219D27DE5007970AB /* Products */ = {
			isa = PBXGroup;
			children = (
				198C05F119D27DE5007970AB /* UIPerson.app */,
				198C061219D27DE5007970AB /* UIPersonTests.xctest */,
			);
			name = Products;
			sourceTree = "<group>";
		};
		198C05F319D27DE5007970AB /* Frameworks */ = {
			isa = PBXGroup;
			children = (
				198C05F419D27DE5007970AB /* Cocoa.framework */,
				198C061319D27DE5007970AB /* XCTest.framework */,
				198C05F619D27DE5007970AB /* Other Frameworks */,
			);
			name = Frameworks;
			sourceTree = "<group>";
		};
		198C05F619D27DE5007970AB /* Other Frameworks */ = {
			isa = PBXGroup;
			children = (
				198C05F719D27DE5007970AB /* AppKit.framework */,
				198C05F819D27DE5007970AB /* CoreData.framework */,
				198C05F919D27DE5007970AB /* Foundation.framework */,
			);
			name = "Other Frameworks";
			sourceTree = "<group>";
		};
		198C05FA19D27DE5007970AB /* UIPerson */ = {
			isa = PBXGroup;
			children = (
				198C060619D27DE5007970AB /* AppDelegate.h */,
				198C060719D27DE5007970AB /* AppDelegate.m */,
				198C060919D27DE5007970AB /* MainMenu.xib */,
				198C060C19D27DE5007970AB /* Images.xcassets */,
				198C05FB19D27DE5007970AB /* Supporting Files */,
			);
			path = UIPerson;
			sourceTree = "<group>";
		};
		198C05FB19D27DE5007970AB /* Supporting Files */ = {
			isa = PBXGroup;
			children = (
				198C05FC19D27DE5007970AB /* UIPerson-Info.plist */,
				198C05FD19D27DE5007970AB /* InfoPlist.strings */,
				198C060019D27DE5007970AB /* main.m */,
				198C060219D27DE5007970AB /* UIPerson-Prefix.pch */,
				198C060319D27DE5007970AB /* Credits.rtf */,
			);
			name = "Supporting Files";
			sourceTree = "<group>";
		};
		198C061819D27DE5007970AB /* UIPersonTests */ = {
			isa = PBXGroup;
			children = (
				198C061E19D27DE5007970AB /* UIPersonTests.m */,
				198C061919D27DE5007970AB /* Supporting Files */,
			);
			path = UIPersonTests;
			sourceTree = "<group>";
		};
		198C061919D27DE5007970AB /* Supporting Files */ = {
			isa = PBXGroup;
			children = (
				198C061A19D27DE5007970AB /* UIPersonTests-Info.plist */,
				198C061B19D27DE5007970AB /* InfoPlist.strings */,
			);
			name = "Supporting Files";
			sourceTree = "<group>";
		};
/* End PBXGroup section */

/* Begin PBXNativeTarget section */
		198C05F019D27DE5007970AB /* UIPerson */ = {
			isa = PBXNativeTarget;
			buildConfigurationList = 198C062219D27DE5007970AB /* Build configuration list for PBXNativeTarget "UIPerson" */;
			buildPhases = (
				198C05ED19D27DE5007970AB /* Sources */,
				198C05EE19D27DE5007970AB /* Frameworks */,
				198C05EF19D27DE5007970AB /* Resources */,
			);
			buildRules = (
			);
			dependencies = (
			);
			name = UIPerson;
			productName = UIPerson;
			productReference = 198C05F119D27DE5007970AB /* UIPerson.app */;
			productType = "com.apple.product-type.application";
		};
		198C061119D27DE5007970AB /* UIPersonTests */ = {
			isa = PBXNativeTarget;
			buildConfigurationList = 198C062519D27DE5007970AB /* Build configuration list for PBXNativeTarget "UIPersonTests" */;
			buildPhases = (
				198C060E19D27DE5007970AB /* Sources */,
				198C060F19D27DE5007970AB /* Frameworks */,
				198C061019D27DE5007970AB /* Resources */,
			);
			buildRules = (
			);
			dependencies = (
				198C061719D27DE5007970AB /* PBXTargetDependency */,
			);
			name = UIPersonTests;
			productName = UIPersonTests;
			productReference = 198C061219D27DE5007970AB /* UIPersonTests.xctest */;
			productType = "com.apple.product-type.bundle.unit-test";
		};
/* End PBXNativeTarget section */

/* Begin PBXProject section */
		198C05E919D27DE5007970AB /* Project object */ = {
			isa = PBXProject;
			attributes = {
				LastUpgradeCheck = 0510;
				ORGANIZATIONNAME = "John Russel Usi";
				TargetAttributes = {
					198C061119D27DE5007970AB = {
						TestTargetID = 198C05F019D27DE5007970AB;
					};
				};
			};
			buildConfigurationList = 198C05EC19D27DE5007970AB /* Build configuration list for PBXProject "UIPerson" */;
			compatibilityVersion = "Xcode 3.2";
			developmentRegion = English;
			hasScannedForEncodings = 0;
			knownRegions = (
				en,
				Base,
			);
			mainGroup = 198C05E819D27DE5007970AB;
			productRefGroup = 198C05F219D27DE5007970AB /* Products */;
			projectDirPath = "";
			projectRoot = "";
			targets = (
				198C05F019D27DE5007970AB /* UIPerson */,
				198C061119D27DE5007970AB /* UIPersonTests */,
			);
		};
/* End PBXProject section */

/* Begin PBXResourcesBuildPhase section */
		198C05EF19D27DE5007970AB /* Resources */ = {
			isa = PBXResourcesBuildPhase;
			buildActionMask = 2147483647;
			files = (
				198C05FF19D27DE5007970AB /* InfoPlist.strings in Resources */,
				198C060D19D27DE5007970AB /* Images.xcassets in Resources */,
				198C060519D27DE5007970AB /* Credits.rtf in Resources */,
				198C060B19D27DE5007970AB /* MainMenu.xib in Resources */,
			);
			runOnlyForDeploymentPostprocessing = 0;
		};
		198C061019D27DE5007970AB /* Resources */ = {
			isa = PBXResourcesBuildPhase;
			buildActionMask = 2147483647;
			files = (
				198C061D19D27DE5007970AB /* InfoPlist.strings in Resources */,
			);
			runOnlyForDeploymentPostprocessing = 0;
		};
/* End PBXResourcesBuildPhase section */

/* Begin PBXSourcesBuildPhase section */
		198C05ED19D27DE5007970AB /* Sources */ = {
			isa = PBXSourcesBuildPhase;
			buildActionMask = 2147483647;
			files = (
				198C060819D27DE5007970AB /* AppDelegate.m in Sources */,
				198C060119D27DE5007970AB /* main.m in Sources */,
			);
			runOnlyForDeploymentPostprocessing = 0;
		};
		198C060E19D27DE5007970AB /* Sources */ = {
			isa = PBXSourcesBuildPhase;
			buildActionMask = 2147483647;
			files = (
				198C061F19D27DE5007970AB /* UIPersonTests.m in Sources */,
			);
			runOnlyForDeploymentPostprocessing = 0;
		};
/* End PBXSourcesBuildPhase section */

/* Begin PBXTargetDependency section */
		198C061719D27DE5007970AB /* PBXTargetDependency */ = {
			isa = PBXTargetDependency;
			target = 198C05F019D27DE5007970AB /* UIPerson */;
			targetProxy = 198C061619D27DE5007970AB /* PBXContainerItemProxy */;
		};
/* End PBXTargetDependency section */

/* Begin PBXVariantGroup section */
		198C05FD19D27DE5007970AB /* InfoPlist.strings */ = {
			isa = PBXVariantGroup;
			children = (
				198C05FE19D27DE5007970AB /* en */,
			);
			name = InfoPlist.strings;
			sourceTree = "<group>";
		};
		198C060319D27DE5007970AB /* Credits.rtf */ = {
			isa = PBXVariantGroup;
			children = (
				198C060419D27DE5007970AB /* en */,
			);
			name = Credits.rtf;
			sourceTree = "<group>";
		};
		198C060919D27DE5007970AB /* MainMenu.xib */ = {
			isa = PBXVariantGroup;
			children = (
				198C060A19D27DE5007970AB /* Base */,
			);
			name = MainMenu.xib;
			sourceTree = "<group>";
		};
		198C061B19D27DE5007970AB /* InfoPlist.strings */ = {
			isa = PBXVariantGroup;
			children = (
				198C061C19D27DE5007970AB /* en */,
			);
			name = InfoPlist.strings;
			sourceTree = "<group>";
		};
/* End PBXVariantGroup section */

/* Begin XCBuildConfiguration section */
		198C062019D27DE5007970AB /* Debug */ = {
			isa = XCBuildConfiguration;
			buildSettings = {
				ALWAYS_SEARCH_USER_PATHS = NO;
				CLANG_CXX_LANGUAGE_STANDARD = "gnu++0x";
				CLANG_CXX_LIBRARY = "libc++";
				CLANG_ENABLE_MODULES = YES;
				CLANG_ENABLE_OBJC_ARC = YES;
				CLANG_WARN_BOOL_CONVERSION = YES;
				CLANG_WARN_CONSTANT_CONVERSION = YES;
				CLANG_WARN_DIRECT_OBJC_ISA_USAGE = YES_ERROR;
				CLANG_WARN_EMPTY_BODY = YES;
				CLANG_WARN_ENUM_CONVERSION = YES;
				CLANG_WARN_INT_CONVERSION = YES;
				CLANG_WARN_OBJC_ROOT_CLASS = YES_ERROR;
				CLANG_WARN__DUPLICATE_METHOD_MATCH = YES;
				COPY_PHASE_STRIP = NO;
				GCC_C_LANGUAGE_STANDARD = gnu99;
				GCC_DYNAMIC_NO_PIC = NO;
				GCC_ENABLE_OBJC_EXCEPTIONS = YES;
				GCC_OPTIMIZATION_LEVEL = 0;
				GCC_PREPROCESSOR_DEFINITIONS = (
					"DEBUG=1",
					"$(inherited)",
				);
				GCC_SYMBOLS_PRIVATE_EXTERN = NO;
				GCC_WARN_64_TO_32_BIT_CONVERSION = YES;
				GCC_WARN_ABOUT_RETURN_TYPE = YES_ERROR;
				GCC_WARN_UNDECLARED_SELECTOR = YES;
				GCC_WARN_UNINITIALIZED_AUTOS = YES_AGGRESSIVE;
				GCC_WARN_UNUSED_FUNCTION = YES;
				GCC_WARN_UNUSED_VARIABLE = YES;
				MACOSX_DEPLOYMENT_TARGET = 10.9;
				ONLY_ACTIVE_ARCH = YES;
				SDKROOT = macosx;
			};
			name = Debug;
		};
		198C062119D27DE5007970AB /* Release */ = {
			isa = XCBuildConfiguration;
			buildSettings = {
				ALWAYS_SEARCH_USER_PATHS = NO;
				CLANG_CXX_LANGUAGE_STANDARD = "gnu++0x";
				CLANG_CXX_LIBRARY = "libc++";
				CLANG_ENABLE_MODULES = YES;
				CLANG_ENABLE_OBJC_ARC = YES;
				CLANG_WARN_BOOL_CONVERSION = YES;
				CLANG_WARN_CONSTANT_CONVERSION = YES;
				CLANG_WARN_DIRECT_OBJC_ISA_USAGE = YES_ERROR;
				CLANG_WARN_EMPTY_BODY = YES;
				CLANG_WARN_ENUM_CONVERSION = YES;
				CLANG_WARN_INT_CONVERSION = YES;
				CLANG_WARN_OBJC_ROOT_CLASS = YES_ERROR;
				CLANG_WARN__DUPLICATE_METHOD_MATCH = YES;
				COPY_PHASE_STRIP = YES;
				DEBUG_INFORMATION_FORMAT = "dwarf-with-dsym";
				ENABLE_NS_ASSERTIONS = NO;
				GCC_C_LANGUAGE_STANDARD = gnu99;
				GCC_ENABLE_OBJC_EXCEPTIONS = YES;
				GCC_WARN_64_TO_32_BIT_CONVERSION = YES;
				GCC_WARN_ABOUT_RETURN_TYPE = YES_ERROR;
				GCC_WARN_UNDECLARED_SELECTOR = YES;
				GCC_WARN_UNINITIALIZED_AUTOS = YES_AGGRESSIVE;
				GCC_WARN_UNUSED_FUNCTION = YES;
				GCC_WARN_UNUSED_VARIABLE = YES;
				MACOSX_DEPLOYMENT_TARGET = 10.9;
				SDKROOT = macosx;
			};
			name = Release;
		};
		198C062319D27DE5007970AB /* Debug */ = {
			isa = XCBuildConfiguration;
			buildSettings = {
				ASSETCATALOG_COMPILER_APPICON_NAME = AppIcon;
				COMBINE_HIDPI_IMAGES = YES;
				GCC_PRECOMPILE_PREFIX_HEADER = YES;
				GCC_PREFIX_HEADER = "UIPerson/UIPerson-Prefix.pch";
				INFOPLIST_FILE = "UIPerson/UIPerson-Info.plist";
				PRODUCT_NAME = "$(TARGET_NAME)";
				WRAPPER_EXTENSION = app;
			};
			name = Debug;
		};
		198C062419D27DE5007970AB /* Release */ = {
			isa = XCBuildConfiguration;
			buildSettings = {
				ASSETCATALOG_COMPILER_APPICON_NAME = AppIcon;
				COMBINE_HIDPI_IMAGES = YES;
				GCC_PRECOMPILE_PREFIX_HEADER = YES;
				GCC_PREFIX_HEADER = "UIPerson/UIPerson-Prefix.pch";
				INFOPLIST_FILE = "UIPerson/UIPerson-Info.plist";
				PRODUCT_NAME = "$(TARGET_NAME)";
				WRAPPER_EXTENSION = app;
			};
			name = Release;
		};
		198C062619D27DE5007970AB /* Debug */ = {
			isa = XCBuildConfiguration;
			buildSettings = {
				BUNDLE_LOADER = "$(BUILT_PRODUCTS_DIR)/UIPerson.app/Contents/MacOS/UIPerson";
				COMBINE_HIDPI_IMAGES = YES;
				FRAMEWORK_SEARCH_PATHS = (
					"$(DEVELOPER_FRAMEWORKS_DIR)",
					"$(inherited)",
				);
				GCC_PRECOMPILE_PREFIX_HEADER = YES;
				GCC_PREFIX_HEADER = "UIPerson/UIPerson-Prefix.pch";
				GCC_PREPROCESSOR_DEFINITIONS = (
					"DEBUG=1",
					"$(inherited)",
				);
				INFOPLIST_FILE = "UIPersonTests/UIPersonTests-Info.plist";
				PRODUCT_NAME = "$(TARGET_NAME)";
				TEST_HOST = "$(BUNDLE_LOADER)";
				WRAPPER_EXTENSION = xctest;
			};
			name = Debug;
		};
		198C062719D27DE5007970AB /* Release */ = {
			isa = XCBuildConfiguration;
			buildSettings = {
				BUNDLE_LOADER = "$(BUILT_PRODUCTS_DIR)/UIPerson.app/Contents/MacOS/UIPerson";
				COMBINE_HIDPI_IMAGES = YES;
				FRAMEWORK_SEARCH_PATHS = (
					"$(DEVELOPER_FRAMEWORKS_DIR)",
					"$(inherited)",
				);
				GCC_PRECOMPILE_PREFIX_HEADER = YES;
				GCC_PREFIX_HEADER = "UIPerson/UIPerson-Prefix.pch";
				INFOPLIST_FILE = "UIPersonTests/UIPersonTests-Info.plist";
				PRODUCT_NAME = "$(TARGET_NAME)";
				TEST_HOST = "$(BUNDLE_LOADER)";
				WRAPPER_EXTENSION = xctest;
			};
			name = Release;
		};
/* End XCBuildConfiguration section */

/* Begin XCConfigurationList section */
		198C05EC19D27DE5007970AB /* Build configuration list for PBXProject "UIPerson" */ = {
			isa = XCConfigurationList;
			buildConfigurations = (
				198C062019D27DE5007970AB /* Debug */,
				198C062119D27DE5007970AB /* Release */,
			);
			defaultConfigurationIsVisible = 0;
			defaultConfigurationName = Release;
		};
		198C062219D27DE5007970AB /* Build configuration list for PBXNativeTarget "UIPerson" */ = {
			isa = XCConfigurationList;
			buildConfigurations = (
				198C062319D27DE5007970AB /* Debug */,
				198C062419D27DE5007970AB /* Release */,
			);
			defaultConfigurationIsVisible = 0;
		};
		198C062519D27DE5007970AB /* Build configuration list for PBXNativeTarget "UIPersonTests" */ = {
			isa = XCConfigurationList;
			buildConfigurations = (
				198C062619D27DE5007970AB /* Debug */,
				198C062719D27DE5007970AB /* Release */,
			);
			defaultConfigurationIsVisible = 0;
		};
/* End XCConfigurationList section */
	};
	rootObject = 198C05E919D27DE5007970AB /* Project object */;
}
