// !$*UTF8*$!
{
	archiveVersion = 1;
	classes = {
	};
	objectVersion = 46;
	objects = {

/* Begin PBXBuildFile section */
		198C063519D2B91B007970AB /* Foundation.framework in Frameworks */ = {isa = PBXBuildFile; fileRef = 198C063419D2B91B007970AB /* Foundation.framework */; };
		198C063819D2B91B007970AB /* main.m in Sources */ = {isa = PBXBuildFile; fileRef = 198C063719D2B91B007970AB /* main.m */; };
		198C063C19D2B91B007970AB /* AnimalKIngdom.1 in CopyFiles */ = {isa = PBXBuildFile; fileRef = 198C063B19D2B91B007970AB /* AnimalKIngdom.1 */; };
		198C064419D2B94D007970AB /* Animal.m in Sources */ = {isa = PBXBuildFile; fileRef = 198C064319D2B94D007970AB /* Animal.m */; };
		198C064719D2BACB007970AB /* Dog.m in Sources */ = {isa = PBXBuildFile; fileRef = 198C064619D2BACB007970AB /* Dog.m */; };
		198C064A19D2BB27007970AB /* Cat.m in Sources */ = {isa = PBXBuildFile; fileRef = 198C064919D2BB27007970AB /* Cat.m */; };
/* End PBXBuildFile section */

/* Begin PBXCopyFilesBuildPhase section */
		198C062F19D2B91B007970AB /* CopyFiles */ = {
			isa = PBXCopyFilesBuildPhase;
			buildActionMask = 2147483647;
			dstPath = /usr/share/man/man1/;
			dstSubfolderSpec = 0;
			files = (
				198C063C19D2B91B007970AB /* AnimalKIngdom.1 in CopyFiles */,
			);
			runOnlyForDeploymentPostprocessing = 1;
		};
/* End PBXCopyFilesBuildPhase section */

/* Begin PBXFileReference section */
		198C063119D2B91B007970AB /* AnimalKIngdom */ = {isa = PBXFileReference; explicitFileType = "compiled.mach-o.executable"; includeInIndex = 0; path = AnimalKIngdom; sourceTree = BUILT_PRODUCTS_DIR; };
		198C063419D2B91B007970AB /* Foundation.framework */ = {isa = PBXFileReference; lastKnownFileType = wrapper.framework; name = Foundation.framework; path = System/Library/Frameworks/Foundation.framework; sourceTree = SDKROOT; };
		198C063719D2B91B007970AB /* main.m */ = {isa = PBXFileReference; lastKnownFileType = sourcecode.c.objc; path = main.m; sourceTree = "<group>"; };
		198C063A19D2B91B007970AB /* AnimalKIngdom-Prefix.pch */ = {isa = PBXFileReference; lastKnownFileType = sourcecode.c.h; path = "AnimalKIngdom-Prefix.pch"; sourceTree = "<group>"; };
		198C063B19D2B91B007970AB /* AnimalKIngdom.1 */ = {isa = PBXFileReference; lastKnownFileType = text.man; path = AnimalKIngdom.1; sourceTree = "<group>"; };
		198C064219D2B94D007970AB /* Animal.h */ = {isa = PBXFileReference; fileEncoding = 4; lastKnownFileType = sourcecode.c.h; name = Animal.h; path = AnimalKIngdom/Animal.h; sourceTree = "<group>"; };
		198C064319D2B94D007970AB /* Animal.m */ = {isa = PBXFileReference; fileEncoding = 4; lastKnownFileType = sourcecode.c.objc; name = Animal.m; path = AnimalKIngdom/Animal.m; sourceTree = "<group>"; };
		198C064519D2BACB007970AB /* Dog.h */ = {isa = PBXFileReference; fileEncoding = 4; lastKnownFileType = sourcecode.c.h; name = Dog.h; path = AnimalKIngdom/Dog.h; sourceTree = "<group>"; };
		198C064619D2BACB007970AB /* Dog.m */ = {isa = PBXFileReference; fileEncoding = 4; lastKnownFileType = sourcecode.c.objc; name = Dog.m; path = AnimalKIngdom/Dog.m; sourceTree = "<group>"; };
		198C064819D2BB27007970AB /* Cat.h */ = {isa = PBXFileReference; fileEncoding = 4; lastKnownFileType = sourcecode.c.h; name = Cat.h; path = AnimalKIngdom/Cat.h; sourceTree = "<group>"; };
		198C064919D2BB27007970AB /* Cat.m */ = {isa = PBXFileReference; fileEncoding = 4; lastKnownFileType = sourcecode.c.objc; name = Cat.m; path = AnimalKIngdom/Cat.m; sourceTree = "<group>"; };
		198C064B19D2BB71007970AB /* Pet.h */ = {isa = PBXFileReference; lastKnownFileType = sourcecode.c.h; name = Pet.h; path = AnimalKIngdom/Pet.h; sourceTree = "<group>"; };
/* End PBXFileReference section */

/* Begin PBXFrameworksBuildPhase section */
		198C062E19D2B91B007970AB /* Frameworks */ = {
			isa = PBXFrameworksBuildPhase;
			buildActionMask = 2147483647;
			files = (
				198C063519D2B91B007970AB /* Foundation.framework in Frameworks */,
			);
			runOnlyForDeploymentPostprocessing = 0;
		};
/* End PBXFrameworksBuildPhase section */

/* Begin PBXGroup section */
		198C062819D2B91B007970AB = {
			isa = PBXGroup;
			children = (
				198C064219D2B94D007970AB /* Animal.h */,
				198C064319D2B94D007970AB /* Animal.m */,
				198C064519D2BACB007970AB /* Dog.h */,
				198C064819D2BB27007970AB /* Cat.h */,
				198C064919D2BB27007970AB /* Cat.m */,
				198C064619D2BACB007970AB /* Dog.m */,
				198C064B19D2BB71007970AB /* Pet.h */,
				198C063619D2B91B007970AB /* AnimalKIngdom */,
				198C063319D2B91B007970AB /* Frameworks */,
				198C063219D2B91B007970AB /* Products */,
			);
			sourceTree = "<group>";
		};
		198C063219D2B91B007970AB /* Products */ = {
			isa = PBXGroup;
			children = (
				198C063119D2B91B007970AB /* AnimalKIngdom */,
			);
			name = Products;
			sourceTree = "<group>";
		};
		198C063319D2B91B007970AB /* Frameworks */ = {
			isa = PBXGroup;
			children = (
				198C063419D2B91B007970AB /* Foundation.framework */,
			);
			name = Frameworks;
			sourceTree = "<group>";
		};
		198C063619D2B91B007970AB /* AnimalKIngdom */ = {
			isa = PBXGroup;
			children = (
				198C063719D2B91B007970AB /* main.m */,
				198C063B19D2B91B007970AB /* AnimalKIngdom.1 */,
				198C063919D2B91B007970AB /* Supporting Files */,
			);
			path = AnimalKIngdom;
			sourceTree = "<group>";
		};
		198C063919D2B91B007970AB /* Supporting Files */ = {
			isa = PBXGroup;
			children = (
				198C063A19D2B91B007970AB /* AnimalKIngdom-Prefix.pch */,
			);
			name = "Supporting Files";
			sourceTree = "<group>";
		};
/* End PBXGroup section */

/* Begin PBXNativeTarget section */
		198C063019D2B91B007970AB /* AnimalKIngdom */ = {
			isa = PBXNativeTarget;
			buildConfigurationList = 198C063F19D2B91B007970AB /* Build configuration list for PBXNativeTarget "AnimalKIngdom" */;
			buildPhases = (
				198C062D19D2B91B007970AB /* Sources */,
				198C062E19D2B91B007970AB /* Frameworks */,
				198C062F19D2B91B007970AB /* CopyFiles */,
			);
			buildRules = (
			);
			dependencies = (
			);
			name = AnimalKIngdom;
			productName = AnimalKIngdom;
			productReference = 198C063119D2B91B007970AB /* AnimalKIngdom */;
			productType = "com.apple.product-type.tool";
		};
/* End PBXNativeTarget section */

/* Begin PBXProject section */
		198C062919D2B91B007970AB /* Project object */ = {
			isa = PBXProject;
			attributes = {
				LastUpgradeCheck = 0510;
				ORGANIZATIONNAME = "John Russel Usi";
			};
			buildConfigurationList = 198C062C19D2B91B007970AB /* Build configuration list for PBXProject "AnimalKIngdom" */;
			compatibilityVersion = "Xcode 3.2";
			developmentRegion = English;
			hasScannedForEncodings = 0;
			knownRegions = (
				en,
			);
			mainGroup = 198C062819D2B91B007970AB;
			productRefGroup = 198C063219D2B91B007970AB /* Products */;
			projectDirPath = "";
			projectRoot = "";
			targets = (
				198C063019D2B91B007970AB /* AnimalKIngdom */,
			);
		};
/* End PBXProject section */

/* Begin PBXSourcesBuildPhase section */
		198C062D19D2B91B007970AB /* Sources */ = {
			isa = PBXSourcesBuildPhase;
			buildActionMask = 2147483647;
			files = (
				198C064A19D2BB27007970AB /* Cat.m in Sources */,
				198C064719D2BACB007970AB /* Dog.m in Sources */,
				198C063819D2B91B007970AB /* main.m in Sources */,
				198C064419D2B94D007970AB /* Animal.m in Sources */,
			);
			runOnlyForDeploymentPostprocessing = 0;
		};
/* End PBXSourcesBuildPhase section */

/* Begin XCBuildConfiguration section */
		198C063D19D2B91B007970AB /* Debug */ = {
			isa = XCBuildConfiguration;
			buildSettings = {
				ALWAYS_SEARCH_USER_PATHS = NO;
				CLANG_CXX_LANGUAGE_STANDARD = "gnu++0x";
				CLANG_CXX_LIBRARY = "libc++";
				CLANG_ENABLE_MODULES = YES;
				CLANG_ENABLE_OBJC_ARC = YES;
				CLANG_WARN_BOOL_CONVERSION = YES;
				CLANG_WARN_CONSTANT_CONVERSION = YES;
				CLANG_WARN_DIRECT_OBJC_ISA_USAGE = YES_ERROR;
				CLANG_WARN_EMPTY_BODY = YES;
				CLANG_WARN_ENUM_CONVERSION = YES;
				CLANG_WARN_INT_CONVERSION = YES;
				CLANG_WARN_OBJC_ROOT_CLASS = YES_ERROR;
				CLANG_WARN__DUPLICATE_METHOD_MATCH = YES;
				COPY_PHASE_STRIP = NO;
				GCC_C_LANGUAGE_STANDARD = gnu99;
				GCC_DYNAMIC_NO_PIC = NO;
				GCC_ENABLE_OBJC_EXCEPTIONS = YES;
				GCC_OPTIMIZATION_LEVEL = 0;
				GCC_PREPROCESSOR_DEFINITIONS = (
					"DEBUG=1",
					"$(inherited)",
				);
				GCC_SYMBOLS_PRIVATE_EXTERN = NO;
				GCC_WARN_64_TO_32_BIT_CONVERSION = YES;
				GCC_WARN_ABOUT_RETURN_TYPE = YES_ERROR;
				GCC_WARN_UNDECLARED_SELECTOR = YES;
				GCC_WARN_UNINITIALIZED_AUTOS = YES_AGGRESSIVE;
				GCC_WARN_UNUSED_FUNCTION = YES;
				GCC_WARN_UNUSED_VARIABLE = YES;
				MACOSX_DEPLOYMENT_TARGET = 10.9;
				ONLY_ACTIVE_ARCH = YES;
				SDKROOT = macosx;
			};
			name = Debug;
		};
		198C063E19D2B91B007970AB /* Release */ = {
			isa = XCBuildConfiguration;
			buildSettings = {
				ALWAYS_SEARCH_USER_PATHS = NO;
				CLANG_CXX_LANGUAGE_STANDARD = "gnu++0x";
				CLANG_CXX_LIBRARY = "libc++";
				CLANG_ENABLE_MODULES = YES;
				CLANG_ENABLE_OBJC_ARC = YES;
				CLANG_WARN_BOOL_CONVERSION = YES;
				CLANG_WARN_CONSTANT_CONVERSION = YES;
				CLANG_WARN_DIRECT_OBJC_ISA_USAGE = YES_ERROR;
				CLANG_WARN_EMPTY_BODY = YES;
				CLANG_WARN_ENUM_CONVERSION = YES;
				CLANG_WARN_INT_CONVERSION = YES;
				CLANG_WARN_OBJC_ROOT_CLASS = YES_ERROR;
				CLANG_WARN__DUPLICATE_METHOD_MATCH = YES;
				COPY_PHASE_STRIP = YES;
				DEBUG_INFORMATION_FORMAT = "dwarf-with-dsym";
				ENABLE_NS_ASSERTIONS = NO;
				GCC_C_LANGUAGE_STANDARD = gnu99;
				GCC_ENABLE_OBJC_EXCEPTIONS = YES;
				GCC_WARN_64_TO_32_BIT_CONVERSION = YES;
				GCC_WARN_ABOUT_RETURN_TYPE = YES_ERROR;
				GCC_WARN_UNDECLARED_SELECTOR = YES;
				GCC_WARN_UNINITIALIZED_AUTOS = YES_AGGRESSIVE;
				GCC_WARN_UNUSED_FUNCTION = YES;
				GCC_WARN_UNUSED_VARIABLE = YES;
				MACOSX_DEPLOYMENT_TARGET = 10.9;
				SDKROOT = macosx;
			};
			name = Release;
		};
		198C064019D2B91B007970AB /* Debug */ = {
			isa = XCBuildConfiguration;
			buildSettings = {
				GCC_PRECOMPILE_PREFIX_HEADER = YES;
				GCC_PREFIX_HEADER = "AnimalKIngdom/AnimalKIngdom-Prefix.pch";
				PRODUCT_NAME = "$(TARGET_NAME)";
			};
			name = Debug;
		};
		198C064119D2B91B007970AB /* Release */ = {
			isa = XCBuildConfiguration;
			buildSettings = {
				GCC_PRECOMPILE_PREFIX_HEADER = YES;
				GCC_PREFIX_HEADER = "AnimalKIngdom/AnimalKIngdom-Prefix.pch";
				PRODUCT_NAME = "$(TARGET_NAME)";
			};
			name = Release;
		};
/* End XCBuildConfiguration section */

/* Begin XCConfigurationList section */
		198C062C19D2B91B007970AB /* Build configuration list for PBXProject "AnimalKIngdom" */ = {
			isa = XCConfigurationList;
			buildConfigurations = (
				198C063D19D2B91B007970AB /* Debug */,
				198C063E19D2B91B007970AB /* Release */,
			);
			defaultConfigurationIsVisible = 0;
			defaultConfigurationName = Release;
		};
		198C063F19D2B91B007970AB /* Build configuration list for PBXNativeTarget "AnimalKIngdom" */ = {
			isa = XCConfigurationList;
			buildConfigurations = (
				198C064019D2B91B007970AB /* Debug */,
				198C064119D2B91B007970AB /* Release */,
			);
			defaultConfigurationIsVisible = 0;
		};
/* End XCConfigurationList section */
	};
	rootObject = 198C062919D2B91B007970AB /* Project object */;
}
